Microsoft Visual Studio Solution File, Format Version 12.00
# Visual Studio Version 17
VisualStudioVersion = 17.5.2.0
MinimumVisualStudioVersion = 10.0.40219.1
Project("{FAE04EC0-301F-11D3-BF4B-00C04F79EFBC}") = "Car_Dealership_System", "Car_Dealership_System.csproj", "{DA496242-290C-588D-0724-088BCD3095D0}"
EndProject
Global
	GlobalSection(SolutionConfigurationPlatforms) = preSolution
		Debug|Any CPU = Debug|Any CPU
		Release|Any CPU = Release|Any CPU
	EndGlobalSection
	GlobalSection(ProjectConfigurationPlatforms) = postSolution
		{DA496242-290C-588D-0724-088BCD3095D0}.Debug|Any CPU.ActiveCfg = Debug|Any CPU
		{DA496242-290C-588D-0724-088BCD3095D0}.Debug|Any CPU.Build.0 = Debug|Any CPU
		{DA496242-290C-588D-0724-088BCD3095D0}.Release|Any CPU.ActiveCfg = Release|Any CPU
		{DA496242-290C-588D-0724-088BCD3095D0}.Release|Any CPU.Build.0 = Release|Any CPU
	EndGlobalSection
	GlobalSection(SolutionProperties) = preSolution
		HideSolutionNode = FALSE
	EndGlobalSection
	GlobalSection(ExtensibilityGlobals) = postSolution
		SolutionGuid = {662E0410-B245-448D-B134-21DEDF92BE5D}
	EndGlobalSection
EndGlobal
